{
  "lockfileVersion": 1,
  "configVersion": 1,
  "workspaces": {
    "": {
      "dependencies": {
        "@opencode-ai/plugin": "1.1.44",
      },
    },
  },
  "packages": {
    "@opencode-ai/plugin": ["@opencode-ai/plugin@1.1.44", "", { "dependencies": { "@opencode-ai/sdk": "1.1.44", "zod": "4.1.8" } }, "sha512-5w66Dq2Fugwgr2yrd8obvnlIEjBOuya82UgfR/3z3EzlyNDi2sitQSYbz7CcOtwd89eZ0n/tH/JX2KDGVuzxTQ=="],

    "@opencode-ai/sdk": ["@opencode-ai/sdk@1.1.44", "", {}, "sha512-coQgtSSCbY46/GY+M5zG0rChiLSJWSjPERRt5L1hbjvDWvErelVV0ILPbd1+3CwJLFTedBYgotby2TcO8U0IfQ=="],

    "zod": ["zod@4.1.8", "", {}, "sha512-5R1P+WwQqmmMIEACyzSvo4JXHY5WiAFHRMg+zBZKgKS+Q1viRa0C1hmUKtHltoIFKtIdki3pRxkmpP74jnNYHQ=="],
  }
}
