{
  "lockfileVersion": 1,
  "configVersion": 1,
  "workspaces": {
    "": {
      "dependencies": {
        "@opencode-ai/plugin": "1.1.47",
      },
    },
  },
  "packages": {
    "@opencode-ai/plugin": ["@opencode-ai/plugin@1.1.47", "", { "dependencies": { "@opencode-ai/sdk": "1.1.47", "zod": "4.1.8" } }, "sha512-gNMPz72altieDfLhUw3VAT1xbduKi3w3wZ57GLeS7qU9W474HdvdIiLBnt2Xq3U7Ko0/0tvK3nzCker6IIDqmQ=="],

    "@opencode-ai/sdk": ["@opencode-ai/sdk@1.1.47", "", {}, "sha512-s3PBHwk1sP6Zt/lJxIWSBWZ1TnrI1nFxSP97LCODUytouAQgbygZ1oDH7O2sGMBEuGdA8B1nNSPla0aRSN3IpA=="],

    "zod": ["zod@4.1.8", "", {}, "sha512-5R1P+WwQqmmMIEACyzSvo4JXHY5WiAFHRMg+zBZKgKS+Q1viRa0C1hmUKtHltoIFKtIdki3pRxkmpP74jnNYHQ=="],
  }
}
